
Microsoft Visual Studio Solution File, Format Version 12.00
# Visual Studio Version 17
VisualStudioVersion = 17.10.35013.160
MinimumVisualStudioVersion = 10.0.40219.1
Project("{FAE04EC0-301F-11D3-BF4B-00C04F79EFBC}") = "demo039", "demo039\demo039.csproj", "{D81131AC-4BD1-4937-9505-7B3EBA47F65C}"
EndProject
Global
	GlobalSection(SolutionConfigurationPlatforms) = preSolution
		Debug|Any CPU = Debug|Any CPU
		Release|Any CPU = Release|Any CPU
	EndGlobalSection
	GlobalSection(ProjectConfigurationPlatforms) = postSolution
		{D81131AC-4BD1-4937-9505-7B3EBA47F65C}.Debug|Any CPU.ActiveCfg = Debug|Any CPU
		{D81131AC-4BD1-4937-9505-7B3EBA47F65C}.Debug|Any CPU.Build.0 = Debug|Any CPU
		{D81131AC-4BD1-4937-9505-7B3EBA47F65C}.Release|Any CPU.ActiveCfg = Release|Any CPU
		{D81131AC-4BD1-4937-9505-7B3EBA47F65C}.Release|Any CPU.Build.0 = Release|Any CPU
	EndGlobalSection
	GlobalSection(SolutionProperties) = preSolution
		HideSolutionNode = FALSE
	EndGlobalSection
	GlobalSection(ExtensibilityGlobals) = postSolution
		SolutionGuid = {825EAC58-06DC-4D6E-AC70-585D2FEE1888}
	EndGlobalSection
EndGlobal
