
Microsoft Visual Studio Solution File, Format Version 12.00
# Visual Studio Version 17
VisualStudioVersion = 17.10.35013.160
MinimumVisualStudioVersion = 10.0.40219.1
Project("{FAE04EC0-301F-11D3-BF4B-00C04F79EFBC}") = "demo033", "demo033\demo033.csproj", "{28A6234F-1247-45F9-9B96-7766F94B54E8}"
EndProject
Global
	GlobalSection(SolutionConfigurationPlatforms) = preSolution
		Debug|Any CPU = Debug|Any CPU
		Release|Any CPU = Release|Any CPU
	EndGlobalSection
	GlobalSection(ProjectConfigurationPlatforms) = postSolution
		{28A6234F-1247-45F9-9B96-7766F94B54E8}.Debug|Any CPU.ActiveCfg = Debug|Any CPU
		{28A6234F-1247-45F9-9B96-7766F94B54E8}.Debug|Any CPU.Build.0 = Debug|Any CPU
		{28A6234F-1247-45F9-9B96-7766F94B54E8}.Release|Any CPU.ActiveCfg = Release|Any CPU
		{28A6234F-1247-45F9-9B96-7766F94B54E8}.Release|Any CPU.Build.0 = Release|Any CPU
	EndGlobalSection
	GlobalSection(SolutionProperties) = preSolution
		HideSolutionNode = FALSE
	EndGlobalSection
	GlobalSection(ExtensibilityGlobals) = postSolution
		SolutionGuid = {3A7839D3-6D4D-45C0-89AC-2C1AB6E8FD77}
	EndGlobalSection
EndGlobal
