
Microsoft Visual Studio Solution File, Format Version 12.00
# Visual Studio Version 17
VisualStudioVersion = 17.10.35013.160
MinimumVisualStudioVersion = 10.0.40219.1
Project("{FAE04EC0-301F-11D3-BF4B-00C04F79EFBC}") = "demo030", "demo030\demo030.csproj", "{87CAB02A-A992-4F4D-9259-D574BFC64B54}"
EndProject
Global
	GlobalSection(SolutionConfigurationPlatforms) = preSolution
		Debug|Any CPU = Debug|Any CPU
		Release|Any CPU = Release|Any CPU
	EndGlobalSection
	GlobalSection(ProjectConfigurationPlatforms) = postSolution
		{87CAB02A-A992-4F4D-9259-D574BFC64B54}.Debug|Any CPU.ActiveCfg = Debug|Any CPU
		{87CAB02A-A992-4F4D-9259-D574BFC64B54}.Debug|Any CPU.Build.0 = Debug|Any CPU
		{87CAB02A-A992-4F4D-9259-D574BFC64B54}.Release|Any CPU.ActiveCfg = Release|Any CPU
		{87CAB02A-A992-4F4D-9259-D574BFC64B54}.Release|Any CPU.Build.0 = Release|Any CPU
	EndGlobalSection
	GlobalSection(SolutionProperties) = preSolution
		HideSolutionNode = FALSE
	EndGlobalSection
	GlobalSection(ExtensibilityGlobals) = postSolution
		SolutionGuid = {2F8AD5A1-C3A3-4E4B-9B22-E4733836F349}
	EndGlobalSection
EndGlobal
