
Microsoft Visual Studio Solution File, Format Version 12.00
# Visual Studio Version 17
VisualStudioVersion = 17.10.35013.160
MinimumVisualStudioVersion = 10.0.40219.1
Project("{FAE04EC0-301F-11D3-BF4B-00C04F79EFBC}") = "demo104", "demo104\demo104.csproj", "{A972B7EE-A724-41E7-9AD0-D754BB6DF9B2}"
EndProject
Global
	GlobalSection(SolutionConfigurationPlatforms) = preSolution
		Debug|Any CPU = Debug|Any CPU
		Release|Any CPU = Release|Any CPU
	EndGlobalSection
	GlobalSection(ProjectConfigurationPlatforms) = postSolution
		{A972B7EE-A724-41E7-9AD0-D754BB6DF9B2}.Debug|Any CPU.ActiveCfg = Debug|Any CPU
		{A972B7EE-A724-41E7-9AD0-D754BB6DF9B2}.Debug|Any CPU.Build.0 = Debug|Any CPU
		{A972B7EE-A724-41E7-9AD0-D754BB6DF9B2}.Release|Any CPU.ActiveCfg = Release|Any CPU
		{A972B7EE-A724-41E7-9AD0-D754BB6DF9B2}.Release|Any CPU.Build.0 = Release|Any CPU
	EndGlobalSection
	GlobalSection(SolutionProperties) = preSolution
		HideSolutionNode = FALSE
	EndGlobalSection
	GlobalSection(ExtensibilityGlobals) = postSolution
		SolutionGuid = {8422B6FD-A730-495D-B6ED-B9DB69559283}
	EndGlobalSection
EndGlobal
