
Microsoft Visual Studio Solution File, Format Version 12.00
# Visual Studio Version 17
VisualStudioVersion = 17.10.35013.160
MinimumVisualStudioVersion = 10.0.40219.1
Project("{FAE04EC0-301F-11D3-BF4B-00C04F79EFBC}") = "demo079", "demo079\demo079.csproj", "{A7B98020-1CB7-4DEF-A198-0FF2C9DDB178}"
EndProject
Global
	GlobalSection(SolutionConfigurationPlatforms) = preSolution
		Debug|Any CPU = Debug|Any CPU
		Release|Any CPU = Release|Any CPU
	EndGlobalSection
	GlobalSection(ProjectConfigurationPlatforms) = postSolution
		{A7B98020-1CB7-4DEF-A198-0FF2C9DDB178}.Debug|Any CPU.ActiveCfg = Debug|Any CPU
		{A7B98020-1CB7-4DEF-A198-0FF2C9DDB178}.Debug|Any CPU.Build.0 = Debug|Any CPU
		{A7B98020-1CB7-4DEF-A198-0FF2C9DDB178}.Release|Any CPU.ActiveCfg = Release|Any CPU
		{A7B98020-1CB7-4DEF-A198-0FF2C9DDB178}.Release|Any CPU.Build.0 = Release|Any CPU
	EndGlobalSection
	GlobalSection(SolutionProperties) = preSolution
		HideSolutionNode = FALSE
	EndGlobalSection
	GlobalSection(ExtensibilityGlobals) = postSolution
		SolutionGuid = {A59A83C2-F534-4F06-83FC-C741A368B801}
	EndGlobalSection
EndGlobal
