
Microsoft Visual Studio Solution File, Format Version 12.00
# Visual Studio Version 17
VisualStudioVersion = 17.10.35013.160
MinimumVisualStudioVersion = 10.0.40219.1
Project("{FAE04EC0-301F-11D3-BF4B-00C04F79EFBC}") = "demo121", "demo121\demo121.csproj", "{F5338F2B-B677-44B8-8CA1-5F82270D44C3}"
EndProject
Global
	GlobalSection(SolutionConfigurationPlatforms) = preSolution
		Debug|Any CPU = Debug|Any CPU
		Release|Any CPU = Release|Any CPU
	EndGlobalSection
	GlobalSection(ProjectConfigurationPlatforms) = postSolution
		{F5338F2B-B677-44B8-8CA1-5F82270D44C3}.Debug|Any CPU.ActiveCfg = Debug|Any CPU
		{F5338F2B-B677-44B8-8CA1-5F82270D44C3}.Debug|Any CPU.Build.0 = Debug|Any CPU
		{F5338F2B-B677-44B8-8CA1-5F82270D44C3}.Release|Any CPU.ActiveCfg = Release|Any CPU
		{F5338F2B-B677-44B8-8CA1-5F82270D44C3}.Release|Any CPU.Build.0 = Release|Any CPU
	EndGlobalSection
	GlobalSection(SolutionProperties) = preSolution
		HideSolutionNode = FALSE
	EndGlobalSection
	GlobalSection(ExtensibilityGlobals) = postSolution
		SolutionGuid = {F996ADE7-E89B-4865-833A-B0170607D730}
	EndGlobalSection
EndGlobal
