
Microsoft Visual Studio Solution File, Format Version 12.00
# Visual Studio Version 17
VisualStudioVersion = 17.10.35013.160
MinimumVisualStudioVersion = 10.0.40219.1
Project("{FAE04EC0-301F-11D3-BF4B-00C04F79EFBC}") = "demo062", "demo062\demo062.csproj", "{0FCA5F69-8F4B-471E-A1C2-D488A3F37A36}"
EndProject
Global
	GlobalSection(SolutionConfigurationPlatforms) = preSolution
		Debug|Any CPU = Debug|Any CPU
		Release|Any CPU = Release|Any CPU
	EndGlobalSection
	GlobalSection(ProjectConfigurationPlatforms) = postSolution
		{0FCA5F69-8F4B-471E-A1C2-D488A3F37A36}.Debug|Any CPU.ActiveCfg = Debug|Any CPU
		{0FCA5F69-8F4B-471E-A1C2-D488A3F37A36}.Debug|Any CPU.Build.0 = Debug|Any CPU
		{0FCA5F69-8F4B-471E-A1C2-D488A3F37A36}.Release|Any CPU.ActiveCfg = Release|Any CPU
		{0FCA5F69-8F4B-471E-A1C2-D488A3F37A36}.Release|Any CPU.Build.0 = Release|Any CPU
	EndGlobalSection
	GlobalSection(SolutionProperties) = preSolution
		HideSolutionNode = FALSE
	EndGlobalSection
	GlobalSection(ExtensibilityGlobals) = postSolution
		SolutionGuid = {0689A27E-02A3-41F8-B102-45B19C24323D}
	EndGlobalSection
EndGlobal
