
Microsoft Visual Studio Solution File, Format Version 12.00
# Visual Studio Version 17
VisualStudioVersion = 17.10.35013.160
MinimumVisualStudioVersion = 10.0.40219.1
Project("{FAE04EC0-301F-11D3-BF4B-00C04F79EFBC}") = "demo138", "demo138\demo138.csproj", "{40A930C3-4390-4EA2-90C7-502DB7C3A559}"
EndProject
Global
	GlobalSection(SolutionConfigurationPlatforms) = preSolution
		Debug|Any CPU = Debug|Any CPU
		Release|Any CPU = Release|Any CPU
	EndGlobalSection
	GlobalSection(ProjectConfigurationPlatforms) = postSolution
		{40A930C3-4390-4EA2-90C7-502DB7C3A559}.Debug|Any CPU.ActiveCfg = Debug|Any CPU
		{40A930C3-4390-4EA2-90C7-502DB7C3A559}.Debug|Any CPU.Build.0 = Debug|Any CPU
		{40A930C3-4390-4EA2-90C7-502DB7C3A559}.Release|Any CPU.ActiveCfg = Release|Any CPU
		{40A930C3-4390-4EA2-90C7-502DB7C3A559}.Release|Any CPU.Build.0 = Release|Any CPU
	EndGlobalSection
	GlobalSection(SolutionProperties) = preSolution
		HideSolutionNode = FALSE
	EndGlobalSection
	GlobalSection(ExtensibilityGlobals) = postSolution
		SolutionGuid = {810BEA80-14AD-4E23-84CA-0191540B2D09}
	EndGlobalSection
EndGlobal
