
Microsoft Visual Studio Solution File, Format Version 12.00
# Visual Studio Version 17
VisualStudioVersion = 17.10.35013.160
MinimumVisualStudioVersion = 10.0.40219.1
Project("{FAE04EC0-301F-11D3-BF4B-00C04F79EFBC}") = "demo023", "demo023\demo023.csproj", "{A236C521-F44E-41B2-A9F4-EEA67DC6C036}"
EndProject
Global
	GlobalSection(SolutionConfigurationPlatforms) = preSolution
		Debug|Any CPU = Debug|Any CPU
		Release|Any CPU = Release|Any CPU
	EndGlobalSection
	GlobalSection(ProjectConfigurationPlatforms) = postSolution
		{A236C521-F44E-41B2-A9F4-EEA67DC6C036}.Debug|Any CPU.ActiveCfg = Debug|Any CPU
		{A236C521-F44E-41B2-A9F4-EEA67DC6C036}.Debug|Any CPU.Build.0 = Debug|Any CPU
		{A236C521-F44E-41B2-A9F4-EEA67DC6C036}.Release|Any CPU.ActiveCfg = Release|Any CPU
		{A236C521-F44E-41B2-A9F4-EEA67DC6C036}.Release|Any CPU.Build.0 = Release|Any CPU
	EndGlobalSection
	GlobalSection(SolutionProperties) = preSolution
		HideSolutionNode = FALSE
	EndGlobalSection
	GlobalSection(ExtensibilityGlobals) = postSolution
		SolutionGuid = {A8F83AEE-CBAF-4B1D-9B08-50E8D5422728}
	EndGlobalSection
EndGlobal
