
Microsoft Visual Studio Solution File, Format Version 12.00
# Visual Studio Version 17
VisualStudioVersion = 17.10.35013.160
MinimumVisualStudioVersion = 10.0.40219.1
Project("{FAE04EC0-301F-11D3-BF4B-00C04F79EFBC}") = "demo087", "demo087\demo087.csproj", "{8B01CACE-2A09-4B4C-A16B-6048D19CB69D}"
EndProject
Global
	GlobalSection(SolutionConfigurationPlatforms) = preSolution
		Debug|Any CPU = Debug|Any CPU
		Release|Any CPU = Release|Any CPU
	EndGlobalSection
	GlobalSection(ProjectConfigurationPlatforms) = postSolution
		{8B01CACE-2A09-4B4C-A16B-6048D19CB69D}.Debug|Any CPU.ActiveCfg = Debug|Any CPU
		{8B01CACE-2A09-4B4C-A16B-6048D19CB69D}.Debug|Any CPU.Build.0 = Debug|Any CPU
		{8B01CACE-2A09-4B4C-A16B-6048D19CB69D}.Release|Any CPU.ActiveCfg = Release|Any CPU
		{8B01CACE-2A09-4B4C-A16B-6048D19CB69D}.Release|Any CPU.Build.0 = Release|Any CPU
	EndGlobalSection
	GlobalSection(SolutionProperties) = preSolution
		HideSolutionNode = FALSE
	EndGlobalSection
	GlobalSection(ExtensibilityGlobals) = postSolution
		SolutionGuid = {F7B11550-FF0B-4A2A-B449-542F017BB5BA}
	EndGlobalSection
EndGlobal
