
Microsoft Visual Studio Solution File, Format Version 12.00
# Visual Studio Version 17
VisualStudioVersion = 17.10.35013.160
MinimumVisualStudioVersion = 10.0.40219.1
Project("{FAE04EC0-301F-11D3-BF4B-00C04F79EFBC}") = "demo035", "demo035\demo035.csproj", "{C7ED1021-E4B9-46E8-A3F7-F50C699E13E0}"
EndProject
Global
	GlobalSection(SolutionConfigurationPlatforms) = preSolution
		Debug|Any CPU = Debug|Any CPU
		Release|Any CPU = Release|Any CPU
	EndGlobalSection
	GlobalSection(ProjectConfigurationPlatforms) = postSolution
		{C7ED1021-E4B9-46E8-A3F7-F50C699E13E0}.Debug|Any CPU.ActiveCfg = Debug|Any CPU
		{C7ED1021-E4B9-46E8-A3F7-F50C699E13E0}.Debug|Any CPU.Build.0 = Debug|Any CPU
		{C7ED1021-E4B9-46E8-A3F7-F50C699E13E0}.Release|Any CPU.ActiveCfg = Release|Any CPU
		{C7ED1021-E4B9-46E8-A3F7-F50C699E13E0}.Release|Any CPU.Build.0 = Release|Any CPU
	EndGlobalSection
	GlobalSection(SolutionProperties) = preSolution
		HideSolutionNode = FALSE
	EndGlobalSection
	GlobalSection(ExtensibilityGlobals) = postSolution
		SolutionGuid = {51CF42FE-67C0-4BFE-95D0-9E4E0760305E}
	EndGlobalSection
EndGlobal
