
Microsoft Visual Studio Solution File, Format Version 12.00
# Visual Studio Version 17
VisualStudioVersion = 17.10.35013.160
MinimumVisualStudioVersion = 10.0.40219.1
Project("{FAE04EC0-301F-11D3-BF4B-00C04F79EFBC}") = "demo002", "demo002\demo002.csproj", "{43B8AE1B-AD2C-4576-BDE5-BBB743E24DED}"
EndProject
Global
	GlobalSection(SolutionConfigurationPlatforms) = preSolution
		Debug|Any CPU = Debug|Any CPU
		Release|Any CPU = Release|Any CPU
	EndGlobalSection
	GlobalSection(ProjectConfigurationPlatforms) = postSolution
		{43B8AE1B-AD2C-4576-BDE5-BBB743E24DED}.Debug|Any CPU.ActiveCfg = Debug|Any CPU
		{43B8AE1B-AD2C-4576-BDE5-BBB743E24DED}.Debug|Any CPU.Build.0 = Debug|Any CPU
		{43B8AE1B-AD2C-4576-BDE5-BBB743E24DED}.Release|Any CPU.ActiveCfg = Release|Any CPU
		{43B8AE1B-AD2C-4576-BDE5-BBB743E24DED}.Release|Any CPU.Build.0 = Release|Any CPU
	EndGlobalSection
	GlobalSection(SolutionProperties) = preSolution
		HideSolutionNode = FALSE
	EndGlobalSection
	GlobalSection(ExtensibilityGlobals) = postSolution
		SolutionGuid = {4A799EEE-2D2F-4AC7-B1BF-8C4F9376984E}
	EndGlobalSection
EndGlobal
