
Microsoft Visual Studio Solution File, Format Version 12.00
# Visual Studio Version 17
VisualStudioVersion = 17.10.35013.160
MinimumVisualStudioVersion = 10.0.40219.1
Project("{FAE04EC0-301F-11D3-BF4B-00C04F79EFBC}") = "demo070", "demo070\demo070.csproj", "{BDC07353-764A-4769-98C7-F975CE2E09E1}"
EndProject
Global
	GlobalSection(SolutionConfigurationPlatforms) = preSolution
		Debug|Any CPU = Debug|Any CPU
		Release|Any CPU = Release|Any CPU
	EndGlobalSection
	GlobalSection(ProjectConfigurationPlatforms) = postSolution
		{BDC07353-764A-4769-98C7-F975CE2E09E1}.Debug|Any CPU.ActiveCfg = Debug|Any CPU
		{BDC07353-764A-4769-98C7-F975CE2E09E1}.Debug|Any CPU.Build.0 = Debug|Any CPU
		{BDC07353-764A-4769-98C7-F975CE2E09E1}.Release|Any CPU.ActiveCfg = Release|Any CPU
		{BDC07353-764A-4769-98C7-F975CE2E09E1}.Release|Any CPU.Build.0 = Release|Any CPU
	EndGlobalSection
	GlobalSection(SolutionProperties) = preSolution
		HideSolutionNode = FALSE
	EndGlobalSection
	GlobalSection(ExtensibilityGlobals) = postSolution
		SolutionGuid = {23FB05F2-1071-4B4B-99BE-CAAA82E9B3C4}
	EndGlobalSection
EndGlobal
