
Microsoft Visual Studio Solution File, Format Version 12.00
# Visual Studio Version 17
VisualStudioVersion = 17.10.35013.160
MinimumVisualStudioVersion = 10.0.40219.1
Project("{FAE04EC0-301F-11D3-BF4B-00C04F79EFBC}") = "demo071", "demo071\demo071.csproj", "{3BED1DC4-949E-40CA-9C5D-3C14C6619476}"
EndProject
Global
	GlobalSection(SolutionConfigurationPlatforms) = preSolution
		Debug|Any CPU = Debug|Any CPU
		Release|Any CPU = Release|Any CPU
	EndGlobalSection
	GlobalSection(ProjectConfigurationPlatforms) = postSolution
		{3BED1DC4-949E-40CA-9C5D-3C14C6619476}.Debug|Any CPU.ActiveCfg = Debug|Any CPU
		{3BED1DC4-949E-40CA-9C5D-3C14C6619476}.Debug|Any CPU.Build.0 = Debug|Any CPU
		{3BED1DC4-949E-40CA-9C5D-3C14C6619476}.Release|Any CPU.ActiveCfg = Release|Any CPU
		{3BED1DC4-949E-40CA-9C5D-3C14C6619476}.Release|Any CPU.Build.0 = Release|Any CPU
	EndGlobalSection
	GlobalSection(SolutionProperties) = preSolution
		HideSolutionNode = FALSE
	EndGlobalSection
	GlobalSection(ExtensibilityGlobals) = postSolution
		SolutionGuid = {8CA8BBA8-2FD9-42F4-8D9C-8E5C1B39851D}
	EndGlobalSection
EndGlobal
