
Microsoft Visual Studio Solution File, Format Version 12.00
# Visual Studio Version 17
VisualStudioVersion = 17.10.35013.160
MinimumVisualStudioVersion = 10.0.40219.1
Project("{FAE04EC0-301F-11D3-BF4B-00C04F79EFBC}") = "demo089", "demo089\demo089.csproj", "{4DB1657E-CABB-4F1A-9F91-054CB4D8FB25}"
EndProject
Global
	GlobalSection(SolutionConfigurationPlatforms) = preSolution
		Debug|Any CPU = Debug|Any CPU
		Release|Any CPU = Release|Any CPU
	EndGlobalSection
	GlobalSection(ProjectConfigurationPlatforms) = postSolution
		{4DB1657E-CABB-4F1A-9F91-054CB4D8FB25}.Debug|Any CPU.ActiveCfg = Debug|Any CPU
		{4DB1657E-CABB-4F1A-9F91-054CB4D8FB25}.Debug|Any CPU.Build.0 = Debug|Any CPU
		{4DB1657E-CABB-4F1A-9F91-054CB4D8FB25}.Release|Any CPU.ActiveCfg = Release|Any CPU
		{4DB1657E-CABB-4F1A-9F91-054CB4D8FB25}.Release|Any CPU.Build.0 = Release|Any CPU
	EndGlobalSection
	GlobalSection(SolutionProperties) = preSolution
		HideSolutionNode = FALSE
	EndGlobalSection
	GlobalSection(ExtensibilityGlobals) = postSolution
		SolutionGuid = {9B4C6516-9A6A-4280-A352-F31A9F802873}
	EndGlobalSection
EndGlobal
