
Microsoft Visual Studio Solution File, Format Version 12.00
# Visual Studio Version 17
VisualStudioVersion = 17.10.35013.160
MinimumVisualStudioVersion = 10.0.40219.1
Project("{FAE04EC0-301F-11D3-BF4B-00C04F79EFBC}") = "demo038", "demo038\demo038.csproj", "{6506A05B-2E37-498A-A0F9-6652AEC90E96}"
EndProject
Global
	GlobalSection(SolutionConfigurationPlatforms) = preSolution
		Debug|Any CPU = Debug|Any CPU
		Release|Any CPU = Release|Any CPU
	EndGlobalSection
	GlobalSection(ProjectConfigurationPlatforms) = postSolution
		{6506A05B-2E37-498A-A0F9-6652AEC90E96}.Debug|Any CPU.ActiveCfg = Debug|Any CPU
		{6506A05B-2E37-498A-A0F9-6652AEC90E96}.Debug|Any CPU.Build.0 = Debug|Any CPU
		{6506A05B-2E37-498A-A0F9-6652AEC90E96}.Release|Any CPU.ActiveCfg = Release|Any CPU
		{6506A05B-2E37-498A-A0F9-6652AEC90E96}.Release|Any CPU.Build.0 = Release|Any CPU
	EndGlobalSection
	GlobalSection(SolutionProperties) = preSolution
		HideSolutionNode = FALSE
	EndGlobalSection
	GlobalSection(ExtensibilityGlobals) = postSolution
		SolutionGuid = {9693A719-4F99-4569-ADDE-EF4E227DB49E}
	EndGlobalSection
EndGlobal
