
Microsoft Visual Studio Solution File, Format Version 12.00
# Visual Studio Version 17
VisualStudioVersion = 17.10.35013.160
MinimumVisualStudioVersion = 10.0.40219.1
Project("{FAE04EC0-301F-11D3-BF4B-00C04F79EFBC}") = "demo063", "demo063\demo063.csproj", "{77920FBD-A957-438C-9E43-7055F86C975C}"
EndProject
Global
	GlobalSection(SolutionConfigurationPlatforms) = preSolution
		Debug|Any CPU = Debug|Any CPU
		Release|Any CPU = Release|Any CPU
	EndGlobalSection
	GlobalSection(ProjectConfigurationPlatforms) = postSolution
		{77920FBD-A957-438C-9E43-7055F86C975C}.Debug|Any CPU.ActiveCfg = Debug|Any CPU
		{77920FBD-A957-438C-9E43-7055F86C975C}.Debug|Any CPU.Build.0 = Debug|Any CPU
		{77920FBD-A957-438C-9E43-7055F86C975C}.Release|Any CPU.ActiveCfg = Release|Any CPU
		{77920FBD-A957-438C-9E43-7055F86C975C}.Release|Any CPU.Build.0 = Release|Any CPU
	EndGlobalSection
	GlobalSection(SolutionProperties) = preSolution
		HideSolutionNode = FALSE
	EndGlobalSection
	GlobalSection(ExtensibilityGlobals) = postSolution
		SolutionGuid = {3AF62001-715F-440C-BA3E-CBC47035ECF3}
	EndGlobalSection
EndGlobal
