
Microsoft Visual Studio Solution File, Format Version 12.00
# Visual Studio Version 17
VisualStudioVersion = 17.10.35013.160
MinimumVisualStudioVersion = 10.0.40219.1
Project("{FAE04EC0-301F-11D3-BF4B-00C04F79EFBC}") = "demo040", "demo040\demo040.csproj", "{9D1CC000-10FC-4B9E-AD78-3468E022577A}"
EndProject
Global
	GlobalSection(SolutionConfigurationPlatforms) = preSolution
		Debug|Any CPU = Debug|Any CPU
		Release|Any CPU = Release|Any CPU
	EndGlobalSection
	GlobalSection(ProjectConfigurationPlatforms) = postSolution
		{9D1CC000-10FC-4B9E-AD78-3468E022577A}.Debug|Any CPU.ActiveCfg = Debug|Any CPU
		{9D1CC000-10FC-4B9E-AD78-3468E022577A}.Debug|Any CPU.Build.0 = Debug|Any CPU
		{9D1CC000-10FC-4B9E-AD78-3468E022577A}.Release|Any CPU.ActiveCfg = Release|Any CPU
		{9D1CC000-10FC-4B9E-AD78-3468E022577A}.Release|Any CPU.Build.0 = Release|Any CPU
	EndGlobalSection
	GlobalSection(SolutionProperties) = preSolution
		HideSolutionNode = FALSE
	EndGlobalSection
	GlobalSection(ExtensibilityGlobals) = postSolution
		SolutionGuid = {5DFE9D39-C660-4570-847F-4F630D7CE592}
	EndGlobalSection
EndGlobal
