
Microsoft Visual Studio Solution File, Format Version 12.00
# Visual Studio Version 17
VisualStudioVersion = 17.10.35013.160
MinimumVisualStudioVersion = 10.0.40219.1
Project("{FAE04EC0-301F-11D3-BF4B-00C04F79EFBC}") = "demo024", "demo024\demo024.csproj", "{DCB6D42D-82D0-4E02-90B6-DF9973EEB2BA}"
EndProject
Global
	GlobalSection(SolutionConfigurationPlatforms) = preSolution
		Debug|Any CPU = Debug|Any CPU
		Release|Any CPU = Release|Any CPU
	EndGlobalSection
	GlobalSection(ProjectConfigurationPlatforms) = postSolution
		{DCB6D42D-82D0-4E02-90B6-DF9973EEB2BA}.Debug|Any CPU.ActiveCfg = Debug|Any CPU
		{DCB6D42D-82D0-4E02-90B6-DF9973EEB2BA}.Debug|Any CPU.Build.0 = Debug|Any CPU
		{DCB6D42D-82D0-4E02-90B6-DF9973EEB2BA}.Release|Any CPU.ActiveCfg = Release|Any CPU
		{DCB6D42D-82D0-4E02-90B6-DF9973EEB2BA}.Release|Any CPU.Build.0 = Release|Any CPU
	EndGlobalSection
	GlobalSection(SolutionProperties) = preSolution
		HideSolutionNode = FALSE
	EndGlobalSection
	GlobalSection(ExtensibilityGlobals) = postSolution
		SolutionGuid = {399CBA2B-92DA-48B1-89A3-FA36BDDFE4FD}
	EndGlobalSection
EndGlobal
