
Microsoft Visual Studio Solution File, Format Version 12.00
# Visual Studio Version 17
VisualStudioVersion = 17.10.35013.160
MinimumVisualStudioVersion = 10.0.40219.1
Project("{FAE04EC0-301F-11D3-BF4B-00C04F79EFBC}") = "demo016", "demo016\demo016.csproj", "{012C463C-FD47-44BC-9D99-5E7F02ECCD62}"
EndProject
Global
	GlobalSection(SolutionConfigurationPlatforms) = preSolution
		Debug|Any CPU = Debug|Any CPU
		Release|Any CPU = Release|Any CPU
	EndGlobalSection
	GlobalSection(ProjectConfigurationPlatforms) = postSolution
		{012C463C-FD47-44BC-9D99-5E7F02ECCD62}.Debug|Any CPU.ActiveCfg = Debug|Any CPU
		{012C463C-FD47-44BC-9D99-5E7F02ECCD62}.Debug|Any CPU.Build.0 = Debug|Any CPU
		{012C463C-FD47-44BC-9D99-5E7F02ECCD62}.Release|Any CPU.ActiveCfg = Release|Any CPU
		{012C463C-FD47-44BC-9D99-5E7F02ECCD62}.Release|Any CPU.Build.0 = Release|Any CPU
	EndGlobalSection
	GlobalSection(SolutionProperties) = preSolution
		HideSolutionNode = FALSE
	EndGlobalSection
	GlobalSection(ExtensibilityGlobals) = postSolution
		SolutionGuid = {4B65D0DB-E95C-447A-AB7A-E9DE33F9A72F}
	EndGlobalSection
EndGlobal
