
Microsoft Visual Studio Solution File, Format Version 12.00
# Visual Studio Version 17
VisualStudioVersion = 17.10.35013.160
MinimumVisualStudioVersion = 10.0.40219.1
Project("{FAE04EC0-301F-11D3-BF4B-00C04F79EFBC}") = "demo014", "demo014\demo014.csproj", "{7D45F6E0-9D14-4534-8AD3-928F6561CFB7}"
EndProject
Global
	GlobalSection(SolutionConfigurationPlatforms) = preSolution
		Debug|Any CPU = Debug|Any CPU
		Release|Any CPU = Release|Any CPU
	EndGlobalSection
	GlobalSection(ProjectConfigurationPlatforms) = postSolution
		{7D45F6E0-9D14-4534-8AD3-928F6561CFB7}.Debug|Any CPU.ActiveCfg = Debug|Any CPU
		{7D45F6E0-9D14-4534-8AD3-928F6561CFB7}.Debug|Any CPU.Build.0 = Debug|Any CPU
		{7D45F6E0-9D14-4534-8AD3-928F6561CFB7}.Release|Any CPU.ActiveCfg = Release|Any CPU
		{7D45F6E0-9D14-4534-8AD3-928F6561CFB7}.Release|Any CPU.Build.0 = Release|Any CPU
	EndGlobalSection
	GlobalSection(SolutionProperties) = preSolution
		HideSolutionNode = FALSE
	EndGlobalSection
	GlobalSection(ExtensibilityGlobals) = postSolution
		SolutionGuid = {167F80EF-440E-4577-8DCB-6B2F165FD1FC}
	EndGlobalSection
EndGlobal
