
Microsoft Visual Studio Solution File, Format Version 12.00
# Visual Studio Version 17
VisualStudioVersion = 17.10.35013.160
MinimumVisualStudioVersion = 10.0.40219.1
Project("{FAE04EC0-301F-11D3-BF4B-00C04F79EFBC}") = "demo106", "demo106\demo106.csproj", "{0C645BB7-745B-4F1B-BA3F-189B4BC647B2}"
EndProject
Global
	GlobalSection(SolutionConfigurationPlatforms) = preSolution
		Debug|Any CPU = Debug|Any CPU
		Release|Any CPU = Release|Any CPU
	EndGlobalSection
	GlobalSection(ProjectConfigurationPlatforms) = postSolution
		{0C645BB7-745B-4F1B-BA3F-189B4BC647B2}.Debug|Any CPU.ActiveCfg = Debug|Any CPU
		{0C645BB7-745B-4F1B-BA3F-189B4BC647B2}.Debug|Any CPU.Build.0 = Debug|Any CPU
		{0C645BB7-745B-4F1B-BA3F-189B4BC647B2}.Release|Any CPU.ActiveCfg = Release|Any CPU
		{0C645BB7-745B-4F1B-BA3F-189B4BC647B2}.Release|Any CPU.Build.0 = Release|Any CPU
	EndGlobalSection
	GlobalSection(SolutionProperties) = preSolution
		HideSolutionNode = FALSE
	EndGlobalSection
	GlobalSection(ExtensibilityGlobals) = postSolution
		SolutionGuid = {2283E8B9-5961-4B13-ABD6-716090BF8ED7}
	EndGlobalSection
EndGlobal
