
Microsoft Visual Studio Solution File, Format Version 12.00
# Visual Studio Version 17
VisualStudioVersion = 17.10.35013.160
MinimumVisualStudioVersion = 10.0.40219.1
Project("{FAE04EC0-301F-11D3-BF4B-00C04F79EFBC}") = "demo092", "demo092\demo092.csproj", "{2336EDC0-E2AE-4437-AA7E-61CA3C678350}"
EndProject
Global
	GlobalSection(SolutionConfigurationPlatforms) = preSolution
		Debug|Any CPU = Debug|Any CPU
		Release|Any CPU = Release|Any CPU
	EndGlobalSection
	GlobalSection(ProjectConfigurationPlatforms) = postSolution
		{2336EDC0-E2AE-4437-AA7E-61CA3C678350}.Debug|Any CPU.ActiveCfg = Debug|Any CPU
		{2336EDC0-E2AE-4437-AA7E-61CA3C678350}.Debug|Any CPU.Build.0 = Debug|Any CPU
		{2336EDC0-E2AE-4437-AA7E-61CA3C678350}.Release|Any CPU.ActiveCfg = Release|Any CPU
		{2336EDC0-E2AE-4437-AA7E-61CA3C678350}.Release|Any CPU.Build.0 = Release|Any CPU
	EndGlobalSection
	GlobalSection(SolutionProperties) = preSolution
		HideSolutionNode = FALSE
	EndGlobalSection
	GlobalSection(ExtensibilityGlobals) = postSolution
		SolutionGuid = {7689C843-8E22-4AA8-B069-615C0D49072E}
	EndGlobalSection
EndGlobal
