
Microsoft Visual Studio Solution File, Format Version 12.00
# Visual Studio Version 17
VisualStudioVersion = 17.10.35013.160
MinimumVisualStudioVersion = 10.0.40219.1
Project("{FAE04EC0-301F-11D3-BF4B-00C04F79EFBC}") = "demo131", "demo131\demo131.csproj", "{5FFF5413-5FCF-484C-B1B8-6A5A7CEAEAD6}"
EndProject
Global
	GlobalSection(SolutionConfigurationPlatforms) = preSolution
		Debug|Any CPU = Debug|Any CPU
		Release|Any CPU = Release|Any CPU
	EndGlobalSection
	GlobalSection(ProjectConfigurationPlatforms) = postSolution
		{5FFF5413-5FCF-484C-B1B8-6A5A7CEAEAD6}.Debug|Any CPU.ActiveCfg = Debug|Any CPU
		{5FFF5413-5FCF-484C-B1B8-6A5A7CEAEAD6}.Debug|Any CPU.Build.0 = Debug|Any CPU
		{5FFF5413-5FCF-484C-B1B8-6A5A7CEAEAD6}.Release|Any CPU.ActiveCfg = Release|Any CPU
		{5FFF5413-5FCF-484C-B1B8-6A5A7CEAEAD6}.Release|Any CPU.Build.0 = Release|Any CPU
	EndGlobalSection
	GlobalSection(SolutionProperties) = preSolution
		HideSolutionNode = FALSE
	EndGlobalSection
	GlobalSection(ExtensibilityGlobals) = postSolution
		SolutionGuid = {CDFEDCCF-F0D0-44F7-A849-5B03336C2596}
	EndGlobalSection
EndGlobal
