
Microsoft Visual Studio Solution File, Format Version 12.00
# Visual Studio Version 17
VisualStudioVersion = 17.10.35013.160
MinimumVisualStudioVersion = 10.0.40219.1
Project("{FAE04EC0-301F-11D3-BF4B-00C04F79EFBC}") = "demo117", "demo117\demo117.csproj", "{9FC3C2A4-77CA-493F-8BB5-B4445C9ED950}"
EndProject
Global
	GlobalSection(SolutionConfigurationPlatforms) = preSolution
		Debug|Any CPU = Debug|Any CPU
		Release|Any CPU = Release|Any CPU
	EndGlobalSection
	GlobalSection(ProjectConfigurationPlatforms) = postSolution
		{9FC3C2A4-77CA-493F-8BB5-B4445C9ED950}.Debug|Any CPU.ActiveCfg = Debug|Any CPU
		{9FC3C2A4-77CA-493F-8BB5-B4445C9ED950}.Debug|Any CPU.Build.0 = Debug|Any CPU
		{9FC3C2A4-77CA-493F-8BB5-B4445C9ED950}.Release|Any CPU.ActiveCfg = Release|Any CPU
		{9FC3C2A4-77CA-493F-8BB5-B4445C9ED950}.Release|Any CPU.Build.0 = Release|Any CPU
	EndGlobalSection
	GlobalSection(SolutionProperties) = preSolution
		HideSolutionNode = FALSE
	EndGlobalSection
	GlobalSection(ExtensibilityGlobals) = postSolution
		SolutionGuid = {4D00957A-6787-4058-B793-97D99981065E}
	EndGlobalSection
EndGlobal
