
Microsoft Visual Studio Solution File, Format Version 12.00
# Visual Studio Version 17
VisualStudioVersion = 17.10.35013.160
MinimumVisualStudioVersion = 10.0.40219.1
Project("{FAE04EC0-301F-11D3-BF4B-00C04F79EFBC}") = "demo130", "demo130\demo130.csproj", "{B548C460-CB00-4862-9B3E-04FE036197A4}"
EndProject
Global
	GlobalSection(SolutionConfigurationPlatforms) = preSolution
		Debug|Any CPU = Debug|Any CPU
		Release|Any CPU = Release|Any CPU
	EndGlobalSection
	GlobalSection(ProjectConfigurationPlatforms) = postSolution
		{B548C460-CB00-4862-9B3E-04FE036197A4}.Debug|Any CPU.ActiveCfg = Debug|Any CPU
		{B548C460-CB00-4862-9B3E-04FE036197A4}.Debug|Any CPU.Build.0 = Debug|Any CPU
		{B548C460-CB00-4862-9B3E-04FE036197A4}.Release|Any CPU.ActiveCfg = Release|Any CPU
		{B548C460-CB00-4862-9B3E-04FE036197A4}.Release|Any CPU.Build.0 = Release|Any CPU
	EndGlobalSection
	GlobalSection(SolutionProperties) = preSolution
		HideSolutionNode = FALSE
	EndGlobalSection
	GlobalSection(ExtensibilityGlobals) = postSolution
		SolutionGuid = {9114FE46-A8CE-4C7A-9198-996DD993BD28}
	EndGlobalSection
EndGlobal
