
Microsoft Visual Studio Solution File, Format Version 12.00
# Visual Studio Version 17
VisualStudioVersion = 17.10.35013.160
MinimumVisualStudioVersion = 10.0.40219.1
Project("{FAE04EC0-301F-11D3-BF4B-00C04F79EFBC}") = "demo091", "demo091\demo091.csproj", "{2AB60D94-FB33-48FE-8D09-B99208A993F5}"
EndProject
Global
	GlobalSection(SolutionConfigurationPlatforms) = preSolution
		Debug|Any CPU = Debug|Any CPU
		Release|Any CPU = Release|Any CPU
	EndGlobalSection
	GlobalSection(ProjectConfigurationPlatforms) = postSolution
		{2AB60D94-FB33-48FE-8D09-B99208A993F5}.Debug|Any CPU.ActiveCfg = Debug|Any CPU
		{2AB60D94-FB33-48FE-8D09-B99208A993F5}.Debug|Any CPU.Build.0 = Debug|Any CPU
		{2AB60D94-FB33-48FE-8D09-B99208A993F5}.Release|Any CPU.ActiveCfg = Release|Any CPU
		{2AB60D94-FB33-48FE-8D09-B99208A993F5}.Release|Any CPU.Build.0 = Release|Any CPU
	EndGlobalSection
	GlobalSection(SolutionProperties) = preSolution
		HideSolutionNode = FALSE
	EndGlobalSection
	GlobalSection(ExtensibilityGlobals) = postSolution
		SolutionGuid = {BEC3E6D0-93D7-40E2-9F62-59468A1E02EF}
	EndGlobalSection
EndGlobal
