
Microsoft Visual Studio Solution File, Format Version 12.00
# Visual Studio Version 17
VisualStudioVersion = 17.10.35013.160
MinimumVisualStudioVersion = 10.0.40219.1
Project("{FAE04EC0-301F-11D3-BF4B-00C04F79EFBC}") = "demo096", "demo096\demo096.csproj", "{EDA61391-E7E2-4037-B26B-077D700A2EE8}"
EndProject
Global
	GlobalSection(SolutionConfigurationPlatforms) = preSolution
		Debug|Any CPU = Debug|Any CPU
		Release|Any CPU = Release|Any CPU
	EndGlobalSection
	GlobalSection(ProjectConfigurationPlatforms) = postSolution
		{EDA61391-E7E2-4037-B26B-077D700A2EE8}.Debug|Any CPU.ActiveCfg = Debug|Any CPU
		{EDA61391-E7E2-4037-B26B-077D700A2EE8}.Debug|Any CPU.Build.0 = Debug|Any CPU
		{EDA61391-E7E2-4037-B26B-077D700A2EE8}.Release|Any CPU.ActiveCfg = Release|Any CPU
		{EDA61391-E7E2-4037-B26B-077D700A2EE8}.Release|Any CPU.Build.0 = Release|Any CPU
	EndGlobalSection
	GlobalSection(SolutionProperties) = preSolution
		HideSolutionNode = FALSE
	EndGlobalSection
	GlobalSection(ExtensibilityGlobals) = postSolution
		SolutionGuid = {B7D878E9-9E8F-428E-BC8C-A3BB71AB49B8}
	EndGlobalSection
EndGlobal
