
Microsoft Visual Studio Solution File, Format Version 12.00
# Visual Studio Version 17
VisualStudioVersion = 17.10.35013.160
MinimumVisualStudioVersion = 10.0.40219.1
Project("{FAE04EC0-301F-11D3-BF4B-00C04F79EFBC}") = "demo041", "demo041\demo041.csproj", "{0EDCF07B-15E3-4D32-82C7-0604B08D930D}"
EndProject
Global
	GlobalSection(SolutionConfigurationPlatforms) = preSolution
		Debug|Any CPU = Debug|Any CPU
		Release|Any CPU = Release|Any CPU
	EndGlobalSection
	GlobalSection(ProjectConfigurationPlatforms) = postSolution
		{0EDCF07B-15E3-4D32-82C7-0604B08D930D}.Debug|Any CPU.ActiveCfg = Debug|Any CPU
		{0EDCF07B-15E3-4D32-82C7-0604B08D930D}.Debug|Any CPU.Build.0 = Debug|Any CPU
		{0EDCF07B-15E3-4D32-82C7-0604B08D930D}.Release|Any CPU.ActiveCfg = Release|Any CPU
		{0EDCF07B-15E3-4D32-82C7-0604B08D930D}.Release|Any CPU.Build.0 = Release|Any CPU
	EndGlobalSection
	GlobalSection(SolutionProperties) = preSolution
		HideSolutionNode = FALSE
	EndGlobalSection
	GlobalSection(ExtensibilityGlobals) = postSolution
		SolutionGuid = {D787DDF3-32C4-4958-A37D-697773F217C4}
	EndGlobalSection
EndGlobal
