
Microsoft Visual Studio Solution File, Format Version 12.00
# Visual Studio Version 17
VisualStudioVersion = 17.10.35013.160
MinimumVisualStudioVersion = 10.0.40219.1
Project("{FAE04EC0-301F-11D3-BF4B-00C04F79EFBC}") = "demo054", "demo054\demo054.csproj", "{23B7305F-DDB0-4AB1-8952-A1816844A8CD}"
EndProject
Global
	GlobalSection(SolutionConfigurationPlatforms) = preSolution
		Debug|Any CPU = Debug|Any CPU
		Release|Any CPU = Release|Any CPU
	EndGlobalSection
	GlobalSection(ProjectConfigurationPlatforms) = postSolution
		{23B7305F-DDB0-4AB1-8952-A1816844A8CD}.Debug|Any CPU.ActiveCfg = Debug|Any CPU
		{23B7305F-DDB0-4AB1-8952-A1816844A8CD}.Debug|Any CPU.Build.0 = Debug|Any CPU
		{23B7305F-DDB0-4AB1-8952-A1816844A8CD}.Release|Any CPU.ActiveCfg = Release|Any CPU
		{23B7305F-DDB0-4AB1-8952-A1816844A8CD}.Release|Any CPU.Build.0 = Release|Any CPU
	EndGlobalSection
	GlobalSection(SolutionProperties) = preSolution
		HideSolutionNode = FALSE
	EndGlobalSection
	GlobalSection(ExtensibilityGlobals) = postSolution
		SolutionGuid = {513CB148-8D24-487F-847A-83EEA37EA9AD}
	EndGlobalSection
EndGlobal
