
Microsoft Visual Studio Solution File, Format Version 12.00
# Visual Studio Version 17
VisualStudioVersion = 17.10.35013.160
MinimumVisualStudioVersion = 10.0.40219.1
Project("{FAE04EC0-301F-11D3-BF4B-00C04F79EFBC}") = "demo090", "demo090\demo090.csproj", "{C09C47DF-B981-4F69-A541-C56280E147C5}"
EndProject
Global
	GlobalSection(SolutionConfigurationPlatforms) = preSolution
		Debug|Any CPU = Debug|Any CPU
		Release|Any CPU = Release|Any CPU
	EndGlobalSection
	GlobalSection(ProjectConfigurationPlatforms) = postSolution
		{C09C47DF-B981-4F69-A541-C56280E147C5}.Debug|Any CPU.ActiveCfg = Debug|Any CPU
		{C09C47DF-B981-4F69-A541-C56280E147C5}.Debug|Any CPU.Build.0 = Debug|Any CPU
		{C09C47DF-B981-4F69-A541-C56280E147C5}.Release|Any CPU.ActiveCfg = Release|Any CPU
		{C09C47DF-B981-4F69-A541-C56280E147C5}.Release|Any CPU.Build.0 = Release|Any CPU
	EndGlobalSection
	GlobalSection(SolutionProperties) = preSolution
		HideSolutionNode = FALSE
	EndGlobalSection
	GlobalSection(ExtensibilityGlobals) = postSolution
		SolutionGuid = {79827FC9-0836-49C6-9AE8-F0F3945A29F1}
	EndGlobalSection
EndGlobal
