
Microsoft Visual Studio Solution File, Format Version 12.00
# Visual Studio Version 17
VisualStudioVersion = 17.10.35013.160
MinimumVisualStudioVersion = 10.0.40219.1
Project("{FAE04EC0-301F-11D3-BF4B-00C04F79EFBC}") = "demo127", "demo127\demo127.csproj", "{CA4D97EC-DC44-4546-90FD-2860D9A39063}"
EndProject
Global
	GlobalSection(SolutionConfigurationPlatforms) = preSolution
		Debug|Any CPU = Debug|Any CPU
		Release|Any CPU = Release|Any CPU
	EndGlobalSection
	GlobalSection(ProjectConfigurationPlatforms) = postSolution
		{CA4D97EC-DC44-4546-90FD-2860D9A39063}.Debug|Any CPU.ActiveCfg = Debug|Any CPU
		{CA4D97EC-DC44-4546-90FD-2860D9A39063}.Debug|Any CPU.Build.0 = Debug|Any CPU
		{CA4D97EC-DC44-4546-90FD-2860D9A39063}.Release|Any CPU.ActiveCfg = Release|Any CPU
		{CA4D97EC-DC44-4546-90FD-2860D9A39063}.Release|Any CPU.Build.0 = Release|Any CPU
	EndGlobalSection
	GlobalSection(SolutionProperties) = preSolution
		HideSolutionNode = FALSE
	EndGlobalSection
	GlobalSection(ExtensibilityGlobals) = postSolution
		SolutionGuid = {4A96EBFB-8EE7-4904-9037-0F664E468E1B}
	EndGlobalSection
EndGlobal
