
Microsoft Visual Studio Solution File, Format Version 12.00
# Visual Studio Version 17
VisualStudioVersion = 17.10.35013.160
MinimumVisualStudioVersion = 10.0.40219.1
Project("{FAE04EC0-301F-11D3-BF4B-00C04F79EFBC}") = "demo036", "demo036\demo036.csproj", "{D824845A-287B-4F35-8102-CD8077A7E42E}"
EndProject
Global
	GlobalSection(SolutionConfigurationPlatforms) = preSolution
		Debug|Any CPU = Debug|Any CPU
		Release|Any CPU = Release|Any CPU
	EndGlobalSection
	GlobalSection(ProjectConfigurationPlatforms) = postSolution
		{D824845A-287B-4F35-8102-CD8077A7E42E}.Debug|Any CPU.ActiveCfg = Debug|Any CPU
		{D824845A-287B-4F35-8102-CD8077A7E42E}.Debug|Any CPU.Build.0 = Debug|Any CPU
		{D824845A-287B-4F35-8102-CD8077A7E42E}.Release|Any CPU.ActiveCfg = Release|Any CPU
		{D824845A-287B-4F35-8102-CD8077A7E42E}.Release|Any CPU.Build.0 = Release|Any CPU
	EndGlobalSection
	GlobalSection(SolutionProperties) = preSolution
		HideSolutionNode = FALSE
	EndGlobalSection
	GlobalSection(ExtensibilityGlobals) = postSolution
		SolutionGuid = {2A453E43-7AAF-472D-B9CD-CD1DBE54C3A6}
	EndGlobalSection
EndGlobal
