
Microsoft Visual Studio Solution File, Format Version 12.00
# Visual Studio Version 17
VisualStudioVersion = 17.10.35013.160
MinimumVisualStudioVersion = 10.0.40219.1
Project("{FAE04EC0-301F-11D3-BF4B-00C04F79EFBC}") = "demo101", "demo101\demo101.csproj", "{DC59A94F-08DE-46D6-BA00-0EF550AECF7C}"
EndProject
Global
	GlobalSection(SolutionConfigurationPlatforms) = preSolution
		Debug|Any CPU = Debug|Any CPU
		Release|Any CPU = Release|Any CPU
	EndGlobalSection
	GlobalSection(ProjectConfigurationPlatforms) = postSolution
		{DC59A94F-08DE-46D6-BA00-0EF550AECF7C}.Debug|Any CPU.ActiveCfg = Debug|Any CPU
		{DC59A94F-08DE-46D6-BA00-0EF550AECF7C}.Debug|Any CPU.Build.0 = Debug|Any CPU
		{DC59A94F-08DE-46D6-BA00-0EF550AECF7C}.Release|Any CPU.ActiveCfg = Release|Any CPU
		{DC59A94F-08DE-46D6-BA00-0EF550AECF7C}.Release|Any CPU.Build.0 = Release|Any CPU
	EndGlobalSection
	GlobalSection(SolutionProperties) = preSolution
		HideSolutionNode = FALSE
	EndGlobalSection
	GlobalSection(ExtensibilityGlobals) = postSolution
		SolutionGuid = {2982F60D-19CC-4910-8869-5357C2BB0CF2}
	EndGlobalSection
EndGlobal
