
Microsoft Visual Studio Solution File, Format Version 12.00
# Visual Studio Version 17
VisualStudioVersion = 17.10.35013.160
MinimumVisualStudioVersion = 10.0.40219.1
Project("{FAE04EC0-301F-11D3-BF4B-00C04F79EFBC}") = "demo003", "demo003\demo003.csproj", "{16679D5B-FD7A-45F8-94FA-79DE0D041E25}"
EndProject
Global
	GlobalSection(SolutionConfigurationPlatforms) = preSolution
		Debug|Any CPU = Debug|Any CPU
		Release|Any CPU = Release|Any CPU
	EndGlobalSection
	GlobalSection(ProjectConfigurationPlatforms) = postSolution
		{16679D5B-FD7A-45F8-94FA-79DE0D041E25}.Debug|Any CPU.ActiveCfg = Debug|Any CPU
		{16679D5B-FD7A-45F8-94FA-79DE0D041E25}.Debug|Any CPU.Build.0 = Debug|Any CPU
		{16679D5B-FD7A-45F8-94FA-79DE0D041E25}.Release|Any CPU.ActiveCfg = Release|Any CPU
		{16679D5B-FD7A-45F8-94FA-79DE0D041E25}.Release|Any CPU.Build.0 = Release|Any CPU
	EndGlobalSection
	GlobalSection(SolutionProperties) = preSolution
		HideSolutionNode = FALSE
	EndGlobalSection
	GlobalSection(ExtensibilityGlobals) = postSolution
		SolutionGuid = {69E43498-CEE4-481C-8493-2C737698E378}
	EndGlobalSection
EndGlobal
