
Microsoft Visual Studio Solution File, Format Version 12.00
# Visual Studio Version 17
VisualStudioVersion = 17.10.35013.160
MinimumVisualStudioVersion = 10.0.40219.1
Project("{FAE04EC0-301F-11D3-BF4B-00C04F79EFBC}") = "demo013", "demo013\demo013.csproj", "{210151EE-1887-4651-B491-ED15A21F1F3B}"
EndProject
Global
	GlobalSection(SolutionConfigurationPlatforms) = preSolution
		Debug|Any CPU = Debug|Any CPU
		Release|Any CPU = Release|Any CPU
	EndGlobalSection
	GlobalSection(ProjectConfigurationPlatforms) = postSolution
		{210151EE-1887-4651-B491-ED15A21F1F3B}.Debug|Any CPU.ActiveCfg = Debug|Any CPU
		{210151EE-1887-4651-B491-ED15A21F1F3B}.Debug|Any CPU.Build.0 = Debug|Any CPU
		{210151EE-1887-4651-B491-ED15A21F1F3B}.Release|Any CPU.ActiveCfg = Release|Any CPU
		{210151EE-1887-4651-B491-ED15A21F1F3B}.Release|Any CPU.Build.0 = Release|Any CPU
	EndGlobalSection
	GlobalSection(SolutionProperties) = preSolution
		HideSolutionNode = FALSE
	EndGlobalSection
	GlobalSection(ExtensibilityGlobals) = postSolution
		SolutionGuid = {C17B9981-9EAF-477D-B46A-21BB7A344971}
	EndGlobalSection
EndGlobal
