
Microsoft Visual Studio Solution File, Format Version 12.00
# Visual Studio Version 17
VisualStudioVersion = 17.10.35013.160
MinimumVisualStudioVersion = 10.0.40219.1
Project("{FAE04EC0-301F-11D3-BF4B-00C04F79EFBC}") = "demo128", "demo128\demo128.csproj", "{3217DA12-945B-4BEA-A993-EF890115D545}"
EndProject
Global
	GlobalSection(SolutionConfigurationPlatforms) = preSolution
		Debug|Any CPU = Debug|Any CPU
		Release|Any CPU = Release|Any CPU
	EndGlobalSection
	GlobalSection(ProjectConfigurationPlatforms) = postSolution
		{3217DA12-945B-4BEA-A993-EF890115D545}.Debug|Any CPU.ActiveCfg = Debug|Any CPU
		{3217DA12-945B-4BEA-A993-EF890115D545}.Debug|Any CPU.Build.0 = Debug|Any CPU
		{3217DA12-945B-4BEA-A993-EF890115D545}.Release|Any CPU.ActiveCfg = Release|Any CPU
		{3217DA12-945B-4BEA-A993-EF890115D545}.Release|Any CPU.Build.0 = Release|Any CPU
	EndGlobalSection
	GlobalSection(SolutionProperties) = preSolution
		HideSolutionNode = FALSE
	EndGlobalSection
	GlobalSection(ExtensibilityGlobals) = postSolution
		SolutionGuid = {4DAAA2D3-9CDB-4348-8F77-C9A0757BB6EB}
	EndGlobalSection
EndGlobal
