
Microsoft Visual Studio Solution File, Format Version 12.00
# Visual Studio Version 17
VisualStudioVersion = 17.10.35013.160
MinimumVisualStudioVersion = 10.0.40219.1
Project("{FAE04EC0-301F-11D3-BF4B-00C04F79EFBC}") = "demo049", "demo049\demo049.csproj", "{487EE35C-CE8E-42AB-B639-9A6FD5B5D55E}"
EndProject
Global
	GlobalSection(SolutionConfigurationPlatforms) = preSolution
		Debug|Any CPU = Debug|Any CPU
		Release|Any CPU = Release|Any CPU
	EndGlobalSection
	GlobalSection(ProjectConfigurationPlatforms) = postSolution
		{487EE35C-CE8E-42AB-B639-9A6FD5B5D55E}.Debug|Any CPU.ActiveCfg = Debug|Any CPU
		{487EE35C-CE8E-42AB-B639-9A6FD5B5D55E}.Debug|Any CPU.Build.0 = Debug|Any CPU
		{487EE35C-CE8E-42AB-B639-9A6FD5B5D55E}.Release|Any CPU.ActiveCfg = Release|Any CPU
		{487EE35C-CE8E-42AB-B639-9A6FD5B5D55E}.Release|Any CPU.Build.0 = Release|Any CPU
	EndGlobalSection
	GlobalSection(SolutionProperties) = preSolution
		HideSolutionNode = FALSE
	EndGlobalSection
	GlobalSection(ExtensibilityGlobals) = postSolution
		SolutionGuid = {D21C2259-56AB-4DA2-9A76-3ED14E8DAEB0}
	EndGlobalSection
EndGlobal
