
Microsoft Visual Studio Solution File, Format Version 12.00
# Visual Studio Version 17
VisualStudioVersion = 17.10.35013.160
MinimumVisualStudioVersion = 10.0.40219.1
Project("{FAE04EC0-301F-11D3-BF4B-00C04F79EFBC}") = "demo100", "demo100\demo100.csproj", "{30F9F043-F66A-4A89-AFDD-BC3BC95E8A1C}"
EndProject
Global
	GlobalSection(SolutionConfigurationPlatforms) = preSolution
		Debug|Any CPU = Debug|Any CPU
		Release|Any CPU = Release|Any CPU
	EndGlobalSection
	GlobalSection(ProjectConfigurationPlatforms) = postSolution
		{30F9F043-F66A-4A89-AFDD-BC3BC95E8A1C}.Debug|Any CPU.ActiveCfg = Debug|Any CPU
		{30F9F043-F66A-4A89-AFDD-BC3BC95E8A1C}.Debug|Any CPU.Build.0 = Debug|Any CPU
		{30F9F043-F66A-4A89-AFDD-BC3BC95E8A1C}.Release|Any CPU.ActiveCfg = Release|Any CPU
		{30F9F043-F66A-4A89-AFDD-BC3BC95E8A1C}.Release|Any CPU.Build.0 = Release|Any CPU
	EndGlobalSection
	GlobalSection(SolutionProperties) = preSolution
		HideSolutionNode = FALSE
	EndGlobalSection
	GlobalSection(ExtensibilityGlobals) = postSolution
		SolutionGuid = {0D1E134D-5A61-440E-9446-156E7C6B2D04}
	EndGlobalSection
EndGlobal
