
Microsoft Visual Studio Solution File, Format Version 12.00
# Visual Studio Version 17
VisualStudioVersion = 17.10.35013.160
MinimumVisualStudioVersion = 10.0.40219.1
Project("{FAE04EC0-301F-11D3-BF4B-00C04F79EFBC}") = "demo088", "demo088\demo088.csproj", "{EF2861DD-1A4C-4942-866D-C50134BB5290}"
EndProject
Global
	GlobalSection(SolutionConfigurationPlatforms) = preSolution
		Debug|Any CPU = Debug|Any CPU
		Release|Any CPU = Release|Any CPU
	EndGlobalSection
	GlobalSection(ProjectConfigurationPlatforms) = postSolution
		{EF2861DD-1A4C-4942-866D-C50134BB5290}.Debug|Any CPU.ActiveCfg = Debug|Any CPU
		{EF2861DD-1A4C-4942-866D-C50134BB5290}.Debug|Any CPU.Build.0 = Debug|Any CPU
		{EF2861DD-1A4C-4942-866D-C50134BB5290}.Release|Any CPU.ActiveCfg = Release|Any CPU
		{EF2861DD-1A4C-4942-866D-C50134BB5290}.Release|Any CPU.Build.0 = Release|Any CPU
	EndGlobalSection
	GlobalSection(SolutionProperties) = preSolution
		HideSolutionNode = FALSE
	EndGlobalSection
	GlobalSection(ExtensibilityGlobals) = postSolution
		SolutionGuid = {2387E718-1A90-4C8B-B30A-9DA83B84333C}
	EndGlobalSection
EndGlobal
