
Microsoft Visual Studio Solution File, Format Version 12.00
# Visual Studio Version 17
VisualStudioVersion = 17.10.35013.160
MinimumVisualStudioVersion = 10.0.40219.1
Project("{FAE04EC0-301F-11D3-BF4B-00C04F79EFBC}") = "demo125", "demo125\demo125.csproj", "{7D98E6D9-DB9A-439E-B565-37EEFE520402}"
EndProject
Global
	GlobalSection(SolutionConfigurationPlatforms) = preSolution
		Debug|Any CPU = Debug|Any CPU
		Release|Any CPU = Release|Any CPU
	EndGlobalSection
	GlobalSection(ProjectConfigurationPlatforms) = postSolution
		{7D98E6D9-DB9A-439E-B565-37EEFE520402}.Debug|Any CPU.ActiveCfg = Debug|Any CPU
		{7D98E6D9-DB9A-439E-B565-37EEFE520402}.Debug|Any CPU.Build.0 = Debug|Any CPU
		{7D98E6D9-DB9A-439E-B565-37EEFE520402}.Release|Any CPU.ActiveCfg = Release|Any CPU
		{7D98E6D9-DB9A-439E-B565-37EEFE520402}.Release|Any CPU.Build.0 = Release|Any CPU
	EndGlobalSection
	GlobalSection(SolutionProperties) = preSolution
		HideSolutionNode = FALSE
	EndGlobalSection
	GlobalSection(ExtensibilityGlobals) = postSolution
		SolutionGuid = {53F34FA3-34AD-43C9-ACAB-2A0643EAC31F}
	EndGlobalSection
EndGlobal
