
Microsoft Visual Studio Solution File, Format Version 12.00
# Visual Studio Version 17
VisualStudioVersion = 17.10.35013.160
MinimumVisualStudioVersion = 10.0.40219.1
Project("{FAE04EC0-301F-11D3-BF4B-00C04F79EFBC}") = "demo078", "demo078\demo078.csproj", "{65004BE3-E6B6-47C8-A9AD-E3DEBD2C8DA3}"
EndProject
Global
	GlobalSection(SolutionConfigurationPlatforms) = preSolution
		Debug|Any CPU = Debug|Any CPU
		Release|Any CPU = Release|Any CPU
	EndGlobalSection
	GlobalSection(ProjectConfigurationPlatforms) = postSolution
		{65004BE3-E6B6-47C8-A9AD-E3DEBD2C8DA3}.Debug|Any CPU.ActiveCfg = Debug|Any CPU
		{65004BE3-E6B6-47C8-A9AD-E3DEBD2C8DA3}.Debug|Any CPU.Build.0 = Debug|Any CPU
		{65004BE3-E6B6-47C8-A9AD-E3DEBD2C8DA3}.Release|Any CPU.ActiveCfg = Release|Any CPU
		{65004BE3-E6B6-47C8-A9AD-E3DEBD2C8DA3}.Release|Any CPU.Build.0 = Release|Any CPU
	EndGlobalSection
	GlobalSection(SolutionProperties) = preSolution
		HideSolutionNode = FALSE
	EndGlobalSection
	GlobalSection(ExtensibilityGlobals) = postSolution
		SolutionGuid = {1371A084-F395-4A88-9969-38A00A6F627B}
	EndGlobalSection
EndGlobal
