
Microsoft Visual Studio Solution File, Format Version 12.00
# Visual Studio Version 17
VisualStudioVersion = 17.10.35013.160
MinimumVisualStudioVersion = 10.0.40219.1
Project("{FAE04EC0-301F-11D3-BF4B-00C04F79EFBC}") = "demo074", "demo074\demo074.csproj", "{5760E0A2-95A6-40E2-B061-22FBE6CE5D4B}"
EndProject
Global
	GlobalSection(SolutionConfigurationPlatforms) = preSolution
		Debug|Any CPU = Debug|Any CPU
		Release|Any CPU = Release|Any CPU
	EndGlobalSection
	GlobalSection(ProjectConfigurationPlatforms) = postSolution
		{5760E0A2-95A6-40E2-B061-22FBE6CE5D4B}.Debug|Any CPU.ActiveCfg = Debug|Any CPU
		{5760E0A2-95A6-40E2-B061-22FBE6CE5D4B}.Debug|Any CPU.Build.0 = Debug|Any CPU
		{5760E0A2-95A6-40E2-B061-22FBE6CE5D4B}.Release|Any CPU.ActiveCfg = Release|Any CPU
		{5760E0A2-95A6-40E2-B061-22FBE6CE5D4B}.Release|Any CPU.Build.0 = Release|Any CPU
	EndGlobalSection
	GlobalSection(SolutionProperties) = preSolution
		HideSolutionNode = FALSE
	EndGlobalSection
	GlobalSection(ExtensibilityGlobals) = postSolution
		SolutionGuid = {04289428-6AC3-4376-B8BA-5BBC1DE32055}
	EndGlobalSection
EndGlobal
