
Microsoft Visual Studio Solution File, Format Version 12.00
# Visual Studio Version 17
VisualStudioVersion = 17.10.35013.160
MinimumVisualStudioVersion = 10.0.40219.1
Project("{FAE04EC0-301F-11D3-BF4B-00C04F79EFBC}") = "demo110", "demo110\demo110.csproj", "{0D5853B6-FA87-48C9-8D3C-1B22FE40E651}"
EndProject
Global
	GlobalSection(SolutionConfigurationPlatforms) = preSolution
		Debug|Any CPU = Debug|Any CPU
		Release|Any CPU = Release|Any CPU
	EndGlobalSection
	GlobalSection(ProjectConfigurationPlatforms) = postSolution
		{0D5853B6-FA87-48C9-8D3C-1B22FE40E651}.Debug|Any CPU.ActiveCfg = Debug|Any CPU
		{0D5853B6-FA87-48C9-8D3C-1B22FE40E651}.Debug|Any CPU.Build.0 = Debug|Any CPU
		{0D5853B6-FA87-48C9-8D3C-1B22FE40E651}.Release|Any CPU.ActiveCfg = Release|Any CPU
		{0D5853B6-FA87-48C9-8D3C-1B22FE40E651}.Release|Any CPU.Build.0 = Release|Any CPU
	EndGlobalSection
	GlobalSection(SolutionProperties) = preSolution
		HideSolutionNode = FALSE
	EndGlobalSection
	GlobalSection(ExtensibilityGlobals) = postSolution
		SolutionGuid = {FD0DFF7A-EBA5-4A51-A777-68B68C2CC08D}
	EndGlobalSection
EndGlobal
